// !$*UTF8*$!
{
	archiveVersion = 1;
	classes = {
	};
	objectVersion = 46;
	objects = {

/* Begin PBXBuildFile section */
		1A0D77B21F4B4D1E005FF908 /* AppReducer.swift in Sources */ = {isa = PBXBuildFile; fileRef = 1A0D77B11F4B4D1E005FF908 /* AppReducer.swift */; };
		1A0D77B41F4B4DCD005FF908 /* AppState.swift in Sources */ = {isa = PBXBuildFile; fileRef = 1A0D77B31F4B4DCD005FF908 /* AppState.swift */; };
		1A0D77B61F4B4F37005FF908 /* AppRouter.swift in Sources */ = {isa = PBXBuildFile; fileRef = 1A0D77B51F4B4F37005FF908 /* AppRouter.swift */; };
		1A0D77B81F4B5049005FF908 /* RoutingState.swift in Sources */ = {isa = PBXBuildFile; fileRef = 1A0D77B71F4B5049005FF908 /* RoutingState.swift */; };
		1A0D77BA1F4B5136005FF908 /* RoutingReducer.swift in Sources */ = {isa = PBXBuildFile; fileRef = 1A0D77B91F4B5136005FF908 /* RoutingReducer.swift */; };
		1A0D77BC1F4B58A0005FF908 /* MenuState.swift in Sources */ = {isa = PBXBuildFile; fileRef = 1A0D77BB1F4B58A0005FF908 /* MenuState.swift */; };
		1A0D77BE1F4B5903005FF908 /* MenuReduer.swift in Sources */ = {isa = PBXBuildFile; fileRef = 1A0D77BD1F4B5903005FF908 /* MenuReduer.swift */; };
		1A0D77C01F4B5FEA005FF908 /* MenuViewController.swift in Sources */ = {isa = PBXBuildFile; fileRef = 1A0D77BF1F4B5FEA005FF908 /* MenuViewController.swift */; };
		1A393A001F2A5B040003B307 /* AppDelegate.swift in Sources */ = {isa = PBXBuildFile; fileRef = 1A3939FF1F2A5B040003B307 /* AppDelegate.swift */; };
		1A393A061F2A5B040003B307 /* GameScene.swift in Sources */ = {isa = PBXBuildFile; fileRef = 1A393A051F2A5B040003B307 /* GameScene.swift */; };
		1A393A081F2A5B040003B307 /* GameViewController.swift in Sources */ = {isa = PBXBuildFile; fileRef = 1A393A071F2A5B040003B307 /* GameViewController.swift */; };
		1A393A0B1F2A5B040003B307 /* Main.storyboard in Resources */ = {isa = PBXBuildFile; fileRef = 1A393A091F2A5B040003B307 /* Main.storyboard */; };
		1A393A0D1F2A5B040003B307 /* Assets.xcassets in Resources */ = {isa = PBXBuildFile; fileRef = 1A393A0C1F2A5B040003B307 /* Assets.xcassets */; };
		1A393A101F2A5B040003B307 /* LaunchScreen.storyboard in Resources */ = {isa = PBXBuildFile; fileRef = 1A393A0E1F2A5B040003B307 /* LaunchScreen.storyboard */; };
		1A393A1E1F2A5E910003B307 /* bomb.mp3 in Resources */ = {isa = PBXBuildFile; fileRef = 1A393A191F2A5E910003B307 /* bomb.mp3 */; };
		1A393A1F1F2A5E910003B307 /* drop.mp3 in Resources */ = {isa = PBXBuildFile; fileRef = 1A393A1A1F2A5E910003B307 /* drop.mp3 */; };
		1A393A201F2A5E910003B307 /* gameover.mp3 in Resources */ = {isa = PBXBuildFile; fileRef = 1A393A1B1F2A5E910003B307 /* gameover.mp3 */; };
		1A393A211F2A5E910003B307 /* levelup.mp3 in Resources */ = {isa = PBXBuildFile; fileRef = 1A393A1C1F2A5E910003B307 /* levelup.mp3 */; };
		1A393A221F2A5E910003B307 /* theme.mp3 in Resources */ = {isa = PBXBuildFile; fileRef = 1A393A1D1F2A5E910003B307 /* theme.mp3 */; };
		1A393A241F2A5EB70003B307 /* Sprites.atlas in Resources */ = {isa = PBXBuildFile; fileRef = 1A393A231F2A5EB70003B307 /* Sprites.atlas */; };
		1A393A331F2A66040003B307 /* Array2D.swift in Sources */ = {isa = PBXBuildFile; fileRef = 1A393A321F2A66040003B307 /* Array2D.swift */; };
		1A393A351F2A6F730003B307 /* Bloc.swift in Sources */ = {isa = PBXBuildFile; fileRef = 1A393A341F2A6F730003B307 /* Bloc.swift */; };
		1A393A371F2A77DA0003B307 /* Shape.swift in Sources */ = {isa = PBXBuildFile; fileRef = 1A393A361F2A77DA0003B307 /* Shape.swift */; };
		1AAE07DA1F2B8647002E9670 /* SquareShape.swift in Sources */ = {isa = PBXBuildFile; fileRef = 1AAE07D91F2B8647002E9670 /* SquareShape.swift */; };
		1AAE07DC1F2BACE8002E9670 /* TShape.swift in Sources */ = {isa = PBXBuildFile; fileRef = 1AAE07DB1F2BACE8002E9670 /* TShape.swift */; };
		1AAE07DE1F2BB26F002E9670 /* LineShape.swift in Sources */ = {isa = PBXBuildFile; fileRef = 1AAE07DD1F2BB26F002E9670 /* LineShape.swift */; };
		1AAE07E01F2BB2EB002E9670 /* LShape.swift in Sources */ = {isa = PBXBuildFile; fileRef = 1AAE07DF1F2BB2EB002E9670 /* LShape.swift */; };
		1AAE07E21F2BB31E002E9670 /* JShape.swift in Sources */ = {isa = PBXBuildFile; fileRef = 1AAE07E11F2BB31E002E9670 /* JShape.swift */; };
		1AAE07E41F2BB36A002E9670 /* SShape.swift in Sources */ = {isa = PBXBuildFile; fileRef = 1AAE07E31F2BB36A002E9670 /* SShape.swift */; };
		1AAE07E61F2BB471002E9670 /* ZShape.swift in Sources */ = {isa = PBXBuildFile; fileRef = 1AAE07E51F2BB471002E9670 /* ZShape.swift */; };
		1AAE07E81F2BB80D002E9670 /* Swiftris.swift in Sources */ = {isa = PBXBuildFile; fileRef = 1AAE07E71F2BB80D002E9670 /* Swiftris.swift */; };
		1AC991D61F4C05450087BF76 /* TableDataSource.swift in Sources */ = {isa = PBXBuildFile; fileRef = 1AC991D51F4C05450087BF76 /* TableDataSource.swift */; };
		1AC991D81F4CA8890087BF76 /* CollectionDataSource.swift in Sources */ = {isa = PBXBuildFile; fileRef = 1AC991D71F4CA8890087BF76 /* CollectionDataSource.swift */; };
		1AC991DA1F4CAA780087BF76 /* RoutingAction.swift in Sources */ = {isa = PBXBuildFile; fileRef = 1AC991D91F4CAA780087BF76 /* RoutingAction.swift */; };
		74E167C53FDD7ACFB0E04B75 /* Pods_swiftris.framework in Frameworks */ = {isa = PBXBuildFile; fileRef = 40D1DD7EEE61AFBC359CD7B4 /* Pods_swiftris.framework */; };
/* End PBXBuildFile section */

/* Begin PBXFileReference section */
		1A0D77B11F4B4D1E005FF908 /* AppReducer.swift */ = {isa = PBXFileReference; fileEncoding = 4; lastKnownFileType = sourcecode.swift; path = AppReducer.swift; sourceTree = "<group>"; };
		1A0D77B31F4B4DCD005FF908 /* AppState.swift */ = {isa = PBXFileReference; fileEncoding = 4; lastKnownFileType = sourcecode.swift; path = AppState.swift; sourceTree = "<group>"; };
		1A0D77B51F4B4F37005FF908 /* AppRouter.swift */ = {isa = PBXFileReference; fileEncoding = 4; lastKnownFileType = sourcecode.swift; path = AppRouter.swift; sourceTree = "<group>"; };
		1A0D77B71F4B5049005FF908 /* RoutingState.swift */ = {isa = PBXFileReference; fileEncoding = 4; lastKnownFileType = sourcecode.swift; path = RoutingState.swift; sourceTree = "<group>"; };
		1A0D77B91F4B5136005FF908 /* RoutingReducer.swift */ = {isa = PBXFileReference; fileEncoding = 4; lastKnownFileType = sourcecode.swift; name = RoutingReducer.swift; path = ../RoutingReducer.swift; sourceTree = "<group>"; };
		1A0D77BB1F4B58A0005FF908 /* MenuState.swift */ = {isa = PBXFileReference; fileEncoding = 4; lastKnownFileType = sourcecode.swift; path = MenuState.swift; sourceTree = "<group>"; };
		1A0D77BD1F4B5903005FF908 /* MenuReduer.swift */ = {isa = PBXFileReference; fileEncoding = 4; lastKnownFileType = sourcecode.swift; path = MenuReduer.swift; sourceTree = "<group>"; };
		1A0D77BF1F4B5FEA005FF908 /* MenuViewController.swift */ = {isa = PBXFileReference; fileEncoding = 4; lastKnownFileType = sourcecode.swift; path = MenuViewController.swift; sourceTree = "<group>"; };
		1A2F710E1F475D6000F991FC /* Config.xcconfig */ = {isa = PBXFileReference; lastKnownFileType = text.xcconfig; path = Config.xcconfig; sourceTree = "<group>"; };
		1A3939FC1F2A5B040003B307 /* swiftris.app */ = {isa = PBXFileReference; explicitFileType = wrapper.application; includeInIndex = 0; path = swiftris.app; sourceTree = BUILT_PRODUCTS_DIR; };
		1A3939FF1F2A5B040003B307 /* AppDelegate.swift */ = {isa = PBXFileReference; lastKnownFileType = sourcecode.swift; path = AppDelegate.swift; sourceTree = "<group>"; };
		1A393A051F2A5B040003B307 /* GameScene.swift */ = {isa = PBXFileReference; lastKnownFileType = sourcecode.swift; path = GameScene.swift; sourceTree = "<group>"; };
		1A393A071F2A5B040003B307 /* GameViewController.swift */ = {isa = PBXFileReference; lastKnownFileType = sourcecode.swift; path = GameViewController.swift; sourceTree = "<group>"; };
		1A393A0A1F2A5B040003B307 /* Base */ = {isa = PBXFileReference; lastKnownFileType = file.storyboard; name = Base; path = Base.lproj/Main.storyboard; sourceTree = "<group>"; };
		1A393A0C1F2A5B040003B307 /* Assets.xcassets */ = {isa = PBXFileReference; lastKnownFileType = folder.assetcatalog; path = Assets.xcassets; sourceTree = "<group>"; };
		1A393A0F1F2A5B040003B307 /* Base */ = {isa = PBXFileReference; lastKnownFileType = file.storyboard; name = Base; path = Base.lproj/LaunchScreen.storyboard; sourceTree = "<group>"; };
		1A393A111F2A5B040003B307 /* Info.plist */ = {isa = PBXFileReference; lastKnownFileType = text.plist.xml; path = Info.plist; sourceTree = "<group>"; };
		1A393A191F2A5E910003B307 /* bomb.mp3 */ = {isa = PBXFileReference; lastKnownFileType = audio.mp3; path = bomb.mp3; sourceTree = "<group>"; };
		1A393A1A1F2A5E910003B307 /* drop.mp3 */ = {isa = PBXFileReference; lastKnownFileType = audio.mp3; path = drop.mp3; sourceTree = "<group>"; };
		1A393A1B1F2A5E910003B307 /* gameover.mp3 */ = {isa = PBXFileReference; lastKnownFileType = audio.mp3; path = gameover.mp3; sourceTree = "<group>"; };
		1A393A1C1F2A5E910003B307 /* levelup.mp3 */ = {isa = PBXFileReference; lastKnownFileType = audio.mp3; path = levelup.mp3; sourceTree = "<group>"; };
		1A393A1D1F2A5E910003B307 /* theme.mp3 */ = {isa = PBXFileReference; lastKnownFileType = audio.mp3; path = theme.mp3; sourceTree = "<group>"; };
		1A393A231F2A5EB70003B307 /* Sprites.atlas */ = {isa = PBXFileReference; lastKnownFileType = folder.skatlas; path = Sprites.atlas; sourceTree = "<group>"; };
		1A393A321F2A66040003B307 /* Array2D.swift */ = {isa = PBXFileReference; fileEncoding = 4; lastKnownFileType = sourcecode.swift; path = Array2D.swift; sourceTree = "<group>"; };
		1A393A341F2A6F730003B307 /* Bloc.swift */ = {isa = PBXFileReference; fileEncoding = 4; lastKnownFileType = sourcecode.swift; path = Bloc.swift; sourceTree = "<group>"; };
		1A393A361F2A77DA0003B307 /* Shape.swift */ = {isa = PBXFileReference; fileEncoding = 4; lastKnownFileType = sourcecode.swift; path = Shape.swift; sourceTree = "<group>"; };
		1AAE07D91F2B8647002E9670 /* SquareShape.swift */ = {isa = PBXFileReference; fileEncoding = 4; lastKnownFileType = sourcecode.swift; path = SquareShape.swift; sourceTree = "<group>"; };
		1AAE07DB1F2BACE8002E9670 /* TShape.swift */ = {isa = PBXFileReference; fileEncoding = 4; lastKnownFileType = sourcecode.swift; path = TShape.swift; sourceTree = "<group>"; };
		1AAE07DD1F2BB26F002E9670 /* LineShape.swift */ = {isa = PBXFileReference; fileEncoding = 4; lastKnownFileType = sourcecode.swift; path = LineShape.swift; sourceTree = "<group>"; };
		1AAE07DF1F2BB2EB002E9670 /* LShape.swift */ = {isa = PBXFileReference; fileEncoding = 4; lastKnownFileType = sourcecode.swift; path = LShape.swift; sourceTree = "<group>"; };
		1AAE07E11F2BB31E002E9670 /* JShape.swift */ = {isa = PBXFileReference; fileEncoding = 4; lastKnownFileType = sourcecode.swift; path = JShape.swift; sourceTree = "<group>"; };
		1AAE07E31F2BB36A002E9670 /* SShape.swift */ = {isa = PBXFileReference; fileEncoding = 4; lastKnownFileType = sourcecode.swift; path = SShape.swift; sourceTree = "<group>"; };
		1AAE07E51F2BB471002E9670 /* ZShape.swift */ = {isa = PBXFileReference; fileEncoding = 4; lastKnownFileType = sourcecode.swift; path = ZShape.swift; sourceTree = "<group>"; };
		1AAE07E71F2BB80D002E9670 /* Swiftris.swift */ = {isa = PBXFileReference; fileEncoding = 4; lastKnownFileType = sourcecode.swift; path = Swiftris.swift; sourceTree = "<group>"; };
		1AC991D51F4C05450087BF76 /* TableDataSource.swift */ = {isa = PBXFileReference; fileEncoding = 4; lastKnownFileType = sourcecode.swift; path = TableDataSource.swift; sourceTree = "<group>"; };
		1AC991D71F4CA8890087BF76 /* CollectionDataSource.swift */ = {isa = PBXFileReference; fileEncoding = 4; lastKnownFileType = sourcecode.swift; path = CollectionDataSource.swift; sourceTree = "<group>"; };
		1AC991D91F4CAA780087BF76 /* RoutingAction.swift */ = {isa = PBXFileReference; fileEncoding = 4; lastKnownFileType = sourcecode.swift; path = RoutingAction.swift; sourceTree = "<group>"; };
		3E5EC2C90B93C3CD3822EC92 /* Pods-swiftris.debug.xcconfig */ = {isa = PBXFileReference; includeInIndex = 1; lastKnownFileType = text.xcconfig; name = "Pods-swiftris.debug.xcconfig"; path = "Pods/Target Support Files/Pods-swiftris/Pods-swiftris.debug.xcconfig"; sourceTree = "<group>"; };
		40D1DD7EEE61AFBC359CD7B4 /* Pods_swiftris.framework */ = {isa = PBXFileReference; explicitFileType = wrapper.framework; includeInIndex = 0; path = Pods_swiftris.framework; sourceTree = BUILT_PRODUCTS_DIR; };
		A455A87785218022008F2430 /* Pods-swiftris.release.xcconfig */ = {isa = PBXFileReference; includeInIndex = 1; lastKnownFileType = text.xcconfig; name = "Pods-swiftris.release.xcconfig"; path = "Pods/Target Support Files/Pods-swiftris/Pods-swiftris.release.xcconfig"; sourceTree = "<group>"; };
/* End PBXFileReference section */

/* Begin PBXFrameworksBuildPhase section */
		1A3939F91F2A5B040003B307 /* Frameworks */ = {
			isa = PBXFrameworksBuildPhase;
			buildActionMask = 2147483647;
			files = (
				74E167C53FDD7ACFB0E04B75 /* Pods_swiftris.framework in Frameworks */,
			);
			runOnlyForDeploymentPostprocessing = 0;
		};
/* End PBXFrameworksBuildPhase section */

/* Begin PBXGroup section */
		1A3939F31F2A5B040003B307 = {
			isa = PBXGroup;
			children = (
				1A2F710E1F475D6000F991FC /* Config.xcconfig */,
				1A3939FE1F2A5B040003B307 /* swiftris */,
				1A3939FD1F2A5B040003B307 /* Products */,
				8858C460A12A3E210CFEA527 /* Pods */,
				44464EA9D450FE0FF0DC70C1 /* Frameworks */,
			);
			sourceTree = "<group>";
		};
		1A3939FD1F2A5B040003B307 /* Products */ = {
			isa = PBXGroup;
			children = (
				1A3939FC1F2A5B040003B307 /* swiftris.app */,
			);
			name = Products;
			sourceTree = "<group>";
		};
		1A3939FE1F2A5B040003B307 /* swiftris */ = {
			isa = PBXGroup;
			children = (
				1AC991DB1F4CB1680087BF76 /* Utils */,
				1AC991D41F4C05320087BF76 /* DataSources */,
				1AC991D31F4C03970087BF76 /* Shapes */,
				1AC991D21F4C03740087BF76 /* ViewControllers */,
				1AC991D11F4C03180087BF76 /* State */,
				1AC991D01F4C03030087BF76 /* Reducers */,
				1AC991CF1F4C02FB0087BF76 /* Actions */,
				1A3939FF1F2A5B040003B307 /* AppDelegate.swift */,
				1A393A051F2A5B040003B307 /* GameScene.swift */,
				1A393A091F2A5B040003B307 /* Main.storyboard */,
				1A393A0C1F2A5B040003B307 /* Assets.xcassets */,
				1A393A0E1F2A5B040003B307 /* LaunchScreen.storyboard */,
				1A393A111F2A5B040003B307 /* Info.plist */,
				1A393A231F2A5EB70003B307 /* Sprites.atlas */,
				1A393A181F2A5E910003B307 /* Sounds */,
				1A393A171F2A5DF40003B307 /* Supporting Files */,
				1A0D77B51F4B4F37005FF908 /* AppRouter.swift */,
			);
			path = swiftris;
			sourceTree = "<group>";
		};
		1A393A171F2A5DF40003B307 /* Supporting Files */ = {
			isa = PBXGroup;
			children = (
			);
			name = "Supporting Files";
			sourceTree = "<group>";
		};
		1A393A181F2A5E910003B307 /* Sounds */ = {
			isa = PBXGroup;
			children = (
				1A393A191F2A5E910003B307 /* bomb.mp3 */,
				1A393A1A1F2A5E910003B307 /* drop.mp3 */,
				1A393A1B1F2A5E910003B307 /* gameover.mp3 */,
				1A393A1C1F2A5E910003B307 /* levelup.mp3 */,
				1A393A1D1F2A5E910003B307 /* theme.mp3 */,
			);
			path = Sounds;
			sourceTree = "<group>";
		};
		1AC991CF1F4C02FB0087BF76 /* Actions */ = {
			isa = PBXGroup;
			children = (
				1AC991D91F4CAA780087BF76 /* RoutingAction.swift */,
			);
			name = Actions;
			sourceTree = "<group>";
		};
		1AC991D01F4C03030087BF76 /* Reducers */ = {
			isa = PBXGroup;
			children = (
				1A0D77B11F4B4D1E005FF908 /* AppReducer.swift */,
				1A0D77B91F4B5136005FF908 /* RoutingReducer.swift */,
				1A0D77BD1F4B5903005FF908 /* MenuReduer.swift */,
			);
			name = Reducers;
			sourceTree = "<group>";
		};
		1AC991D11F4C03180087BF76 /* State */ = {
			isa = PBXGroup;
			children = (
				1A0D77B31F4B4DCD005FF908 /* AppState.swift */,
				1A0D77B71F4B5049005FF908 /* RoutingState.swift */,
				1A0D77BB1F4B58A0005FF908 /* MenuState.swift */,
			);
			name = State;
			sourceTree = "<group>";
		};
		1AC991D21F4C03740087BF76 /* ViewControllers */ = {
			isa = PBXGroup;
			children = (
				1A393A071F2A5B040003B307 /* GameViewController.swift */,
				1A0D77BF1F4B5FEA005FF908 /* MenuViewController.swift */,
			);
			name = ViewControllers;
			sourceTree = "<group>";
		};
		1AC991D31F4C03970087BF76 /* Shapes */ = {
			isa = PBXGroup;
			children = (
				1A393A361F2A77DA0003B307 /* Shape.swift */,
				1AAE07D91F2B8647002E9670 /* SquareShape.swift */,
				1AAE07DB1F2BACE8002E9670 /* TShape.swift */,
				1AAE07DD1F2BB26F002E9670 /* LineShape.swift */,
				1AAE07DF1F2BB2EB002E9670 /* LShape.swift */,
				1AAE07E11F2BB31E002E9670 /* JShape.swift */,
				1AAE07E31F2BB36A002E9670 /* SShape.swift */,
				1AAE07E51F2BB471002E9670 /* ZShape.swift */,
			);
			name = Shapes;
			sourceTree = "<group>";
		};
		1AC991D41F4C05320087BF76 /* DataSources */ = {
			isa = PBXGroup;
			children = (
				1AC991D51F4C05450087BF76 /* TableDataSource.swift */,
				1AC991D71F4CA8890087BF76 /* CollectionDataSource.swift */,
			);
			name = DataSources;
			sourceTree = "<group>";
		};
		1AC991DB1F4CB1680087BF76 /* Utils */ = {
			isa = PBXGroup;
			children = (
				1AAE07E71F2BB80D002E9670 /* Swiftris.swift */,
				1A393A321F2A66040003B307 /* Array2D.swift */,
				1A393A341F2A6F730003B307 /* Bloc.swift */,
			);
			name = Utils;
			sourceTree = "<group>";
		};
		44464EA9D450FE0FF0DC70C1 /* Frameworks */ = {
			isa = PBXGroup;
			children = (
				40D1DD7EEE61AFBC359CD7B4 /* Pods_swiftris.framework */,
			);
			name = Frameworks;
			sourceTree = "<group>";
		};
		8858C460A12A3E210CFEA527 /* Pods */ = {
			isa = PBXGroup;
			children = (
				3E5EC2C90B93C3CD3822EC92 /* Pods-swiftris.debug.xcconfig */,
				A455A87785218022008F2430 /* Pods-swiftris.release.xcconfig */,
			);
			name = Pods;
			sourceTree = "<group>";
		};
/* End PBXGroup section */

/* Begin PBXNativeTarget section */
		1A3939FB1F2A5B040003B307 /* swiftris */ = {
			isa = PBXNativeTarget;
			buildConfigurationList = 1A393A141F2A5B040003B307 /* Build configuration list for PBXNativeTarget "swiftris" */;
			buildPhases = (
				32F97ABE8BE0286D9D5D54C0 /* [CP] Check Pods Manifest.lock */,
				1A3939F81F2A5B040003B307 /* Sources */,
				1A3939F91F2A5B040003B307 /* Frameworks */,
				1A3939FA1F2A5B040003B307 /* Resources */,
				704F54F76D97D2F8891381BA /* [CP] Embed Pods Frameworks */,
				14FD1A1585171C55AF790780 /* [CP] Copy Pods Resources */,
			);
			buildRules = (
			);
			dependencies = (
			);
			name = swiftris;
			productName = swiftris;
			productReference = 1A3939FC1F2A5B040003B307 /* swiftris.app */;
			productType = "com.apple.product-type.application";
		};
/* End PBXNativeTarget section */

/* Begin PBXProject section */
		1A3939F41F2A5B040003B307 /* Project object */ = {
			isa = PBXProject;
			attributes = {
				LastSwiftUpdateCheck = 0830;
				LastUpgradeCheck = 0830;
				ORGANIZATIONNAME = "Suha Baobaid";
				TargetAttributes = {
					1A3939FB1F2A5B040003B307 = {
						CreatedOnToolsVersion = 8.3.1;
						DevelopmentTeam = A688WWGM8A;
						ProvisioningStyle = Automatic;
					};
				};
			};
			buildConfigurationList = 1A3939F71F2A5B040003B307 /* Build configuration list for PBXProject "swiftris" */;
			compatibilityVersion = "Xcode 3.2";
			developmentRegion = English;
			hasScannedForEncodings = 0;
			knownRegions = (
				en,
				Base,
			);
			mainGroup = 1A3939F31F2A5B040003B307;
			productRefGroup = 1A3939FD1F2A5B040003B307 /* Products */;
			projectDirPath = "";
			projectRoot = "";
			targets = (
				1A3939FB1F2A5B040003B307 /* swiftris */,
			);
		};
/* End PBXProject section */

/* Begin PBXResourcesBuildPhase section */
		1A3939FA1F2A5B040003B307 /* Resources */ = {
			isa = PBXResourcesBuildPhase;
			buildActionMask = 2147483647;
			files = (
				1A393A0B1F2A5B040003B307 /* Main.storyboard in Resources */,
				1A393A1F1F2A5E910003B307 /* drop.mp3 in Resources */,
				1A393A221F2A5E910003B307 /* theme.mp3 in Resources */,
				1A393A201F2A5E910003B307 /* gameover.mp3 in Resources */,
				1A393A0D1F2A5B040003B307 /* Assets.xcassets in Resources */,
				1A393A211F2A5E910003B307 /* levelup.mp3 in Resources */,
				1A393A241F2A5EB70003B307 /* Sprites.atlas in Resources */,
				1A393A1E1F2A5E910003B307 /* bomb.mp3 in Resources */,
				1A393A101F2A5B040003B307 /* LaunchScreen.storyboard in Resources */,
			);
			runOnlyForDeploymentPostprocessing = 0;
		};
/* End PBXResourcesBuildPhase section */

/* Begin PBXShellScriptBuildPhase section */
		14FD1A1585171C55AF790780 /* [CP] Copy Pods Resources */ = {
			isa = PBXShellScriptBuildPhase;
			buildActionMask = 2147483647;
			files = (
			);
			inputPaths = (
			);
			name = "[CP] Copy Pods Resources";
			outputPaths = (
			);
			runOnlyForDeploymentPostprocessing = 0;
			shellPath = /bin/sh;
			shellScript = "\"${SRCROOT}/Pods/Target Support Files/Pods-swiftris/Pods-swiftris-resources.sh\"\n";
			showEnvVarsInLog = 0;
		};
		32F97ABE8BE0286D9D5D54C0 /* [CP] Check Pods Manifest.lock */ = {
			isa = PBXShellScriptBuildPhase;
			buildActionMask = 2147483647;
			files = (
			);
			inputPaths = (
				"${PODS_PODFILE_DIR_PATH}/Podfile.lock",
				"${PODS_ROOT}/Manifest.lock",
			);
			name = "[CP] Check Pods Manifest.lock";
			outputPaths = (
				"$(DERIVED_FILE_DIR)/Pods-swiftris-checkManifestLockResult.txt",
			);
			runOnlyForDeploymentPostprocessing = 0;
			shellPath = /bin/sh;
			shellScript = "diff \"${PODS_PODFILE_DIR_PATH}/Podfile.lock\" \"${PODS_ROOT}/Manifest.lock\" > /dev/null\nif [ $? != 0 ] ; then\n    # print error to STDERR\n    echo \"error: The sandbox is not in sync with the Podfile.lock. Run 'pod install' or update your CocoaPods installation.\" >&2\n    exit 1\nfi\n# This output is used by Xcode 'outputs' to avoid re-running this script phase.\necho \"SUCCESS\" > \"${SCRIPT_OUTPUT_FILE_0}\"\n";
			showEnvVarsInLog = 0;
		};
		704F54F76D97D2F8891381BA /* [CP] Embed Pods Frameworks */ = {
			isa = PBXShellScriptBuildPhase;
			buildActionMask = 2147483647;
			files = (
			);
			inputPaths = (
				"${SRCROOT}/Pods/Target Support Files/Pods-swiftris/Pods-swiftris-frameworks.sh",
				"${BUILT_PRODUCTS_DIR}/ReSwift/ReSwift.framework",
			);
			name = "[CP] Embed Pods Frameworks";
			outputPaths = (
				"${TARGET_BUILD_DIR}/${FRAMEWORKS_FOLDER_PATH}/ReSwift.framework",
			);
			runOnlyForDeploymentPostprocessing = 0;
			shellPath = /bin/sh;
			shellScript = "\"${SRCROOT}/Pods/Target Support Files/Pods-swiftris/Pods-swiftris-frameworks.sh\"\n";
			showEnvVarsInLog = 0;
		};
/* End PBXShellScriptBuildPhase section */

/* Begin PBXSourcesBuildPhase section */
		1A3939F81F2A5B040003B307 /* Sources */ = {
			isa = PBXSourcesBuildPhase;
			buildActionMask = 2147483647;
			files = (
				1A0D77B81F4B5049005FF908 /* RoutingState.swift in Sources */,
				1AAE07E01F2BB2EB002E9670 /* LShape.swift in Sources */,
				1AAE07DA1F2B8647002E9670 /* SquareShape.swift in Sources */,
				1A0D77BE1F4B5903005FF908 /* MenuReduer.swift in Sources */,
				1A393A061F2A5B040003B307 /* GameScene.swift in Sources */,
				1A0D77BC1F4B58A0005FF908 /* MenuState.swift in Sources */,
				1AAE07E21F2BB31E002E9670 /* JShape.swift in Sources */,
				1AAE07E81F2BB80D002E9670 /* Swiftris.swift in Sources */,
				1A393A371F2A77DA0003B307 /* Shape.swift in Sources */,
				1A393A331F2A66040003B307 /* Array2D.swift in Sources */,
				1AAE07DE1F2BB26F002E9670 /* LineShape.swift in Sources */,
				1A0D77BA1F4B5136005FF908 /* RoutingReducer.swift in Sources */,
				1AAE07E41F2BB36A002E9670 /* SShape.swift in Sources */,
				1AC991D61F4C05450087BF76 /* TableDataSource.swift in Sources */,
				1A0D77B21F4B4D1E005FF908 /* AppReducer.swift in Sources */,
				1AAE07DC1F2BACE8002E9670 /* TShape.swift in Sources */,
				1A0D77C01F4B5FEA005FF908 /* MenuViewController.swift in Sources */,
				1A0D77B41F4B4DCD005FF908 /* AppState.swift in Sources */,
				1A393A351F2A6F730003B307 /* Bloc.swift in Sources */,
				1A393A081F2A5B040003B307 /* GameViewController.swift in Sources */,
				1AC991DA1F4CAA780087BF76 /* RoutingAction.swift in Sources */,
				1AC991D81F4CA8890087BF76 /* CollectionDataSource.swift in Sources */,
				1AAE07E61F2BB471002E9670 /* ZShape.swift in Sources */,
				1A0D77B61F4B4F37005FF908 /* AppRouter.swift in Sources */,
				1A393A001F2A5B040003B307 /* AppDelegate.swift in Sources */,
			);
			runOnlyForDeploymentPostprocessing = 0;
		};
/* End PBXSourcesBuildPhase section */

/* Begin PBXVariantGroup section */
		1A393A091F2A5B040003B307 /* Main.storyboard */ = {
			isa = PBXVariantGroup;
			children = (
				1A393A0A1F2A5B040003B307 /* Base */,
			);
			name = Main.storyboard;
			sourceTree = "<group>";
		};
		1A393A0E1F2A5B040003B307 /* LaunchScreen.storyboard */ = {
			isa = PBXVariantGroup;
			children = (
				1A393A0F1F2A5B040003B307 /* Base */,
			);
			name = LaunchScreen.storyboard;
			sourceTree = "<group>";
		};
/* End PBXVariantGroup section */

/* Begin XCBuildConfiguration section */
		1A393A121F2A5B040003B307 /* Debug */ = {
			isa = XCBuildConfiguration;
			baseConfigurationReference = 1A2F710E1F475D6000F991FC /* Config.xcconfig */;
			buildSettings = {
				ALWAYS_SEARCH_USER_PATHS = NO;
				CLANG_ANALYZER_NONNULL = YES;
				CLANG_ANALYZER_NUMBER_OBJECT_CONVERSION = YES_AGGRESSIVE;
				CLANG_CXX_LANGUAGE_STANDARD = "gnu++0x";
				CLANG_CXX_LIBRARY = "libc++";
				CLANG_ENABLE_MODULES = YES;
				CLANG_ENABLE_OBJC_ARC = YES;
				CLANG_WARN_BOOL_CONVERSION = YES;
				CLANG_WARN_CONSTANT_CONVERSION = YES;
				CLANG_WARN_DIRECT_OBJC_ISA_USAGE = YES_ERROR;
				CLANG_WARN_DOCUMENTATION_COMMENTS = YES;
				CLANG_WARN_EMPTY_BODY = YES;
				CLANG_WARN_ENUM_CONVERSION = YES;
				CLANG_WARN_INFINITE_RECURSION = YES;
				CLANG_WARN_INT_CONVERSION = YES;
				CLANG_WARN_OBJC_ROOT_CLASS = YES_ERROR;
				CLANG_WARN_SUSPICIOUS_MOVE = YES;
				CLANG_WARN_UNREACHABLE_CODE = YES;
				CLANG_WARN__DUPLICATE_METHOD_MATCH = YES;
				"CODE_SIGN_IDENTITY[sdk=iphoneos*]" = "iPhone Developer";
				COPY_PHASE_STRIP = NO;
				DEBUG_INFORMATION_FORMAT = dwarf;
				ENABLE_STRICT_OBJC_MSGSEND = YES;
				ENABLE_TESTABILITY = YES;
				GCC_C_LANGUAGE_STANDARD = gnu99;
				GCC_DYNAMIC_NO_PIC = NO;
				GCC_NO_COMMON_BLOCKS = YES;
				GCC_OPTIMIZATION_LEVEL = 0;
				GCC_PREPROCESSOR_DEFINITIONS = (
					"DEBUG=1",
					"$(inherited)",
				);
				GCC_WARN_64_TO_32_BIT_CONVERSION = YES;
				GCC_WARN_ABOUT_RETURN_TYPE = YES_ERROR;
				GCC_WARN_UNDECLARED_SELECTOR = YES;
				GCC_WARN_UNINITIALIZED_AUTOS = YES_AGGRESSIVE;
				GCC_WARN_UNUSED_FUNCTION = YES;
				GCC_WARN_UNUSED_VARIABLE = YES;
				IPHONEOS_DEPLOYMENT_TARGET = 10.3;
				MTL_ENABLE_DEBUG_INFO = YES;
				ONLY_ACTIVE_ARCH = YES;
				SDKROOT = iphoneos;
				SWIFT_ACTIVE_COMPILATION_CONDITIONS = DEBUG;
				SWIFT_OPTIMIZATION_LEVEL = "-Onone";
			};
			name = Debug;
		};
		1A393A131F2A5B040003B307 /* Release */ = {
			isa = XCBuildConfiguration;
			baseConfigurationReference = 1A2F710E1F475D6000F991FC /* Config.xcconfig */;
			buildSettings = {
				ALWAYS_SEARCH_USER_PATHS = NO;
				CLANG_ANALYZER_NONNULL = YES;
				CLANG_ANALYZER_NUMBER_OBJECT_CONVERSION = YES_AGGRESSIVE;
				CLANG_CXX_LANGUAGE_STANDARD = "gnu++0x";
				CLANG_CXX_LIBRARY = "libc++";
				CLANG_ENABLE_MODULES = YES;
				CLANG_ENABLE_OBJC_ARC = YES;
				CLANG_WARN_BOOL_CONVERSION = YES;
				CLANG_WARN_CONSTANT_CONVERSION = YES;
				CLANG_WARN_DIRECT_OBJC_ISA_USAGE = YES_ERROR;
				CLANG_WARN_DOCUMENTATION_COMMENTS = YES;
				CLANG_WARN_EMPTY_BODY = YES;
				CLANG_WARN_ENUM_CONVERSION = YES;
				CLANG_WARN_INFINITE_RECURSION = YES;
				CLANG_WARN_INT_CONVERSION = YES;
				CLANG_WARN_OBJC_ROOT_CLASS = YES_ERROR;
				CLANG_WARN_SUSPICIOUS_MOVE = YES;
				CLANG_WARN_UNREACHABLE_CODE = YES;
				CLANG_WARN__DUPLICATE_METHOD_MATCH = YES;
				"CODE_SIGN_IDENTITY[sdk=iphoneos*]" = "iPhone Developer";
				COPY_PHASE_STRIP = NO;
				DEBUG_INFORMATION_FORMAT = "dwarf-with-dsym";
				ENABLE_NS_ASSERTIONS = NO;
				ENABLE_STRICT_OBJC_MSGSEND = YES;
				GCC_C_LANGUAGE_STANDARD = gnu99;
				GCC_NO_COMMON_BLOCKS = YES;
				GCC_WARN_64_TO_32_BIT_CONVERSION = YES;
				GCC_WARN_ABOUT_RETURN_TYPE = YES_ERROR;
				GCC_WARN_UNDECLARED_SELECTOR = YES;
				GCC_WARN_UNINITIALIZED_AUTOS = YES_AGGRESSIVE;
				GCC_WARN_UNUSED_FUNCTION = YES;
				GCC_WARN_UNUSED_VARIABLE = YES;
				IPHONEOS_DEPLOYMENT_TARGET = 10.3;
				MTL_ENABLE_DEBUG_INFO = NO;
				SDKROOT = iphoneos;
				SWIFT_OPTIMIZATION_LEVEL = "-Owholemodule";
				VALIDATE_PRODUCT = YES;
			};
			name = Release;
		};
		1A393A151F2A5B040003B307 /* Debug */ = {
			isa = XCBuildConfiguration;
			baseConfigurationReference = 3E5EC2C90B93C3CD3822EC92 /* Pods-swiftris.debug.xcconfig */;
			buildSettings = {
				ASSETCATALOG_COMPILER_APPICON_NAME = AppIcon;
				DEVELOPMENT_TEAM = A688WWGM8A;
				INFOPLIST_FILE = swiftris/Info.plist;
				IPHONEOS_DEPLOYMENT_TARGET = 10.2;
				LD_RUNPATH_SEARCH_PATHS = "$(inherited) @executable_path/Frameworks";
				PRODUCT_BUNDLE_IDENTIFIER = suha.swiftris;
				PRODUCT_NAME = "$(TARGET_NAME)";
				SWIFT_VERSION = 3.0;
			};
			name = Debug;
		};
		1A393A161F2A5B040003B307 /* Release */ = {
			isa = XCBuildConfiguration;
			baseConfigurationReference = A455A87785218022008F2430 /* Pods-swiftris.release.xcconfig */;
			buildSettings = {
				ASSETCATALOG_COMPILER_APPICON_NAME = AppIcon;
				DEVELOPMENT_TEAM = A688WWGM8A;
				INFOPLIST_FILE = swiftris/Info.plist;
				IPHONEOS_DEPLOYMENT_TARGET = 10.2;
				LD_RUNPATH_SEARCH_PATHS = "$(inherited) @executable_path/Frameworks";
				PRODUCT_BUNDLE_IDENTIFIER = suha.swiftris;
				PRODUCT_NAME = "$(TARGET_NAME)";
				SWIFT_VERSION = 3.0;
			};
			name = Release;
		};
/* End XCBuildConfiguration section */

/* Begin XCConfigurationList section */
		1A3939F71F2A5B040003B307 /* Build configuration list for PBXProject "swiftris" */ = {
			isa = XCConfigurationList;
			buildConfigurations = (
				1A393A121F2A5B040003B307 /* Debug */,
				1A393A131F2A5B040003B307 /* Release */,
			);
			defaultConfigurationIsVisible = 0;
			defaultConfigurationName = Release;
		};
		1A393A141F2A5B040003B307 /* Build configuration list for PBXNativeTarget "swiftris" */ = {
			isa = XCConfigurationList;
			buildConfigurations = (
				1A393A151F2A5B040003B307 /* Debug */,
				1A393A161F2A5B040003B307 /* Release */,
			);
			defaultConfigurationIsVisible = 0;
			defaultConfigurationName = Release;
		};
/* End XCConfigurationList section */
	};
	rootObject = 1A3939F41F2A5B040003B307 /* Project object */;
}
